
Microsoft Visual Studio Solution File, Format Version 12.00
# Visual Studio Version 16
VisualStudioVersion = 16.0.30503.244
MinimumVisualStudioVersion = 15.0.26124.0
Project("{9A19103F-16F7-4668-BE54-9A1E7A4F7556}") = "IBSYS.PPS", "ibsys.pps\IBSYS.PPS.csproj", "{AA868AED-F9D3-452F-BB33-D0B3706B0AEB}"
EndProject
Project("{9A19103F-16F7-4668-BE54-9A1E7A4F7556}") = "IBSYS.PPS.Controller.Tests", "IBSYS.PPS.Controller.Tests\IBSYS.PPS.Controller.Tests.csproj", "{C5273BED-BC5F-4572-9E8D-9F5AA883982B}"
EndProject
Project("{FAE04EC0-301F-11D3-BF4B-00C04F79EFBC}") = "IBSYS.PPS.Logic.Tests", "IBSYS.PPS.Logic.Tests\IBSYS.PPS.Logic.Tests.csproj", "{659A2336-A4A7-4C49-8776-B83A6057C726}"
EndProject
Global
	GlobalSection(SolutionConfigurationPlatforms) = preSolution
		Debug|Any CPU = Debug|Any CPU
		Debug|x64 = Debug|x64
		Debug|x86 = Debug|x86
		Release|Any CPU = Release|Any CPU
		Release|x64 = Release|x64
		Release|x86 = Release|x86
	EndGlobalSection
	GlobalSection(ProjectConfigurationPlatforms) = postSolution
		{AA868AED-F9D3-452F-BB33-D0B3706B0AEB}.Debug|Any CPU.ActiveCfg = Debug|Any CPU
		{AA868AED-F9D3-452F-BB33-D0B3706B0AEB}.Debug|Any CPU.Build.0 = Debug|Any CPU
		{AA868AED-F9D3-452F-BB33-D0B3706B0AEB}.Debug|x64.ActiveCfg = Debug|Any CPU
		{AA868AED-F9D3-452F-BB33-D0B3706B0AEB}.Debug|x64.Build.0 = Debug|Any CPU
		{AA868AED-F9D3-452F-BB33-D0B3706B0AEB}.Debug|x86.ActiveCfg = Debug|Any CPU
		{AA868AED-F9D3-452F-BB33-D0B3706B0AEB}.Debug|x86.Build.0 = Debug|Any CPU
		{AA868AED-F9D3-452F-BB33-D0B3706B0AEB}.Release|Any CPU.ActiveCfg = Release|Any CPU
		{AA868AED-F9D3-452F-BB33-D0B3706B0AEB}.Release|Any CPU.Build.0 = Release|Any CPU
		{AA868AED-F9D3-452F-BB33-D0B3706B0AEB}.Release|x64.ActiveCfg = Release|Any CPU
		{AA868AED-F9D3-452F-BB33-D0B3706B0AEB}.Release|x64.Build.0 = Release|Any CPU
		{AA868AED-F9D3-452F-BB33-D0B3706B0AEB}.Release|x86.ActiveCfg = Release|Any CPU
		{AA868AED-F9D3-452F-BB33-D0B3706B0AEB}.Release|x86.Build.0 = Release|Any CPU
		{C5273BED-BC5F-4572-9E8D-9F5AA883982B}.Debug|Any CPU.ActiveCfg = Debug|Any CPU
		{C5273BED-BC5F-4572-9E8D-9F5AA883982B}.Debug|Any CPU.Build.0 = Debug|Any CPU
		{C5273BED-BC5F-4572-9E8D-9F5AA883982B}.Debug|x64.ActiveCfg = Debug|Any CPU
		{C5273BED-BC5F-4572-9E8D-9F5AA883982B}.Debug|x64.Build.0 = Debug|Any CPU
		{C5273BED-BC5F-4572-9E8D-9F5AA883982B}.Debug|x86.ActiveCfg = Debug|Any CPU
		{C5273BED-BC5F-4572-9E8D-9F5AA883982B}.Debug|x86.Build.0 = Debug|Any CPU
		{C5273BED-BC5F-4572-9E8D-9F5AA883982B}.Release|Any CPU.ActiveCfg = Release|Any CPU
		{C5273BED-BC5F-4572-9E8D-9F5AA883982B}.Release|Any CPU.Build.0 = Release|Any CPU
		{C5273BED-BC5F-4572-9E8D-9F5AA883982B}.Release|x64.ActiveCfg = Release|Any CPU
		{C5273BED-BC5F-4572-9E8D-9F5AA883982B}.Release|x64.Build.0 = Release|Any CPU
		{C5273BED-BC5F-4572-9E8D-9F5AA883982B}.Release|x86.ActiveCfg = Release|Any CPU
		{C5273BED-BC5F-4572-9E8D-9F5AA883982B}.Release|x86.Build.0 = Release|Any CPU
		{659A2336-A4A7-4C49-8776-B83A6057C726}.Debug|Any CPU.ActiveCfg = Debug|Any CPU
		{659A2336-A4A7-4C49-8776-B83A6057C726}.Debug|Any CPU.Build.0 = Debug|Any CPU
		{659A2336-A4A7-4C49-8776-B83A6057C726}.Debug|x64.ActiveCfg = Debug|Any CPU
		{659A2336-A4A7-4C49-8776-B83A6057C726}.Debug|x64.Build.0 = Debug|Any CPU
		{659A2336-A4A7-4C49-8776-B83A6057C726}.Debug|x86.ActiveCfg = Debug|Any CPU
		{659A2336-A4A7-4C49-8776-B83A6057C726}.Debug|x86.Build.0 = Debug|Any CPU
		{659A2336-A4A7-4C49-8776-B83A6057C726}.Release|Any CPU.ActiveCfg = Release|Any CPU
		{659A2336-A4A7-4C49-8776-B83A6057C726}.Release|Any CPU.Build.0 = Release|Any CPU
		{659A2336-A4A7-4C49-8776-B83A6057C726}.Release|x64.ActiveCfg = Release|Any CPU
		{659A2336-A4A7-4C49-8776-B83A6057C726}.Release|x64.Build.0 = Release|Any CPU
		{659A2336-A4A7-4C49-8776-B83A6057C726}.Release|x86.ActiveCfg = Release|Any CPU
		{659A2336-A4A7-4C49-8776-B83A6057C726}.Release|x86.Build.0 = Release|Any CPU
	EndGlobalSection
	GlobalSection(SolutionProperties) = preSolution
		HideSolutionNode = FALSE
	EndGlobalSection
	GlobalSection(ExtensibilityGlobals) = postSolution
		SolutionGuid = {FE092931-0749-441E-A81B-B606D1028B24}
	EndGlobalSection
EndGlobal
