
Microsoft Visual Studio Solution File, Format Version 12.00
# Visual Studio Version 16
VisualStudioVersion = 16.0.30320.27
MinimumVisualStudioVersion = 10.0.40219.1
Project("{9A19103F-16F7-4668-BE54-9A1E7A4F7556}") = "IBSYS.PPS", "IBSYS.PPS.csproj", "{FE4E697C-A179-4670-AE25-6F2A5D909FEE}"
EndProject
Global
	GlobalSection(SolutionConfigurationPlatforms) = preSolution
		Debug|Any CPU = Debug|Any CPU
		Release|Any CPU = Release|Any CPU
	EndGlobalSection
	GlobalSection(ProjectConfigurationPlatforms) = postSolution
		{FE4E697C-A179-4670-AE25-6F2A5D909FEE}.Debug|Any CPU.ActiveCfg = Debug|Any CPU
		{FE4E697C-A179-4670-AE25-6F2A5D909FEE}.Debug|Any CPU.Build.0 = Debug|Any CPU
		{FE4E697C-A179-4670-AE25-6F2A5D909FEE}.Release|Any CPU.ActiveCfg = Release|Any CPU
		{FE4E697C-A179-4670-AE25-6F2A5D909FEE}.Release|Any CPU.Build.0 = Release|Any CPU
	EndGlobalSection
	GlobalSection(SolutionProperties) = preSolution
		HideSolutionNode = FALSE
	EndGlobalSection
	GlobalSection(ExtensibilityGlobals) = postSolution
		SolutionGuid = {B65D502C-D980-40AD-8DC3-27FFBBAA19DB}
	EndGlobalSection
EndGlobal
